github.com/google/btree v1.0.1 h1:gK4Kx5IaGY9CD5sPJ36FHiBJ6ZXl0kilRiiCj+jdYp4=
github.com/google/btree v1.0.1/go.mod h1:xXMiIv4Fb/0kKde4SpL7qlzvu5cMJDRkFDxJfI9uaxA=
github.com/usbarmory/tamago v0.0.0-20230118100654-0e5cc664e695 h1:lDcwMbKA0pO5d0cnfIP/OE2qsc4fUdBeJWahDtv/AFg=
github.com/usbarmory/tamago v0.0.0-20230118100654-0e5cc664e695/go.mod h1:0TRKk2QXwB24gVi0TgQrvu1yGyiiLDCIBE87UMAmZHE=
github.com/usbarmory/tamago v0.0.0-20230502075139-4ff8fc5a5c87 h1:3CIffQudEirE0ATMBBTuweD13QRRF5Kb4YnFy9k2q6Q=
github.com/usbarmory/tamago v0.0.0-20230502075139-4ff8fc5a5c87/go.mod h1:uCPXcPo8SZulhZPz8irfVqzwVlPZ45w7CTJxkfxueGA=
golang.org/x/sys v0.2.0 h1:ljd4t30dBnAvMZaQCevtY0xLLD0A+bRZXbgLMLU1F/A=
golang.org/x/sys v0.2.0/go.mod h1:oPkhp1MJrh7nUepCBck5+mAzfO9JrbApNNgaTdGDITg=
golang.org/x/sys v0.4.0/go.mod h1:oPkhp1MJrh7nUepCBck5+mAzfO9JrbApNNgaTdGDITg=
golang.org/x/time v0.0.0-20191024005414-555d28b269f0 h1:/5xXl8Y5W96D+TtHSlonuFqGHIWVuyCkGJLwGh9JJFs=
golang.org/x/time v0.0.0-20191024005414-555d28b269f0/go.mod h1:tRJNPiyCQ0inRvYxbN9jk5I+vvW/OXSQhTDSoE431IQ=
golang.org/x/time v0.0.0-20220210224613-90d013bbcef8/go.mod h1:tRJNPiyCQ0inRvYxbN9jk5I+vvW/OXSQhTDSoE431IQ=
gvisor.dev/gvisor v0.0.0-20230118154312-8c6072b1c5c4 h1:OGvq29DeJ4hVuaFj6+9QCxUu8sOc0GGhvcZqT0jtD2w=
gvisor.dev/gvisor v0.0.0-20230118154312-8c6072b1c5c4/go.mod h1:94x/o/BlxPAbw4phqHRac0/IzpcQRUP7ZQldDWV3TKU=
gvisor.dev/gvisor v0.0.0-20230614190805-57027c7d31f8 h1:cycLSWR8fzi6P+jQ9vaD82frUFZ0UU1kDZt1YPWFFhA=
gvisor.dev/gvisor v0.0.0-20230614190805-57027c7d31f8/go.mod h1:sQuqOkxbfJq/GS2uSnqHphtXclHyk/ZrAGhZBxxsq6g=
